
Microsoft Visual Studio Solution File, Format Version 12.00
# Visual Studio Version 17
VisualStudioVersion = 17.10.34916.146
MinimumVisualStudioVersion = 10.0.40219.1
Project("{2150E333-8FDC-42A3-9474-1A3956D46DE8}") = "Transaction", "Transaction", "{CD842ABD-6D5D-4ACE-84C7-1C61E5A1BC9B}"
EndProject
Project("{2150E333-8FDC-42A3-9474-1A3956D46DE8}") = "Budget", "Budget", "{C5149E6F-FE1A-4296-940C-014ABA9DF3F7}"
EndProject
Project("{2150E333-8FDC-42A3-9474-1A3956D46DE8}") = "User", "User", "{AFEAD512-43EA-43AC-B060-F8E7FA4699B0}"
EndProject
Project("{2150E333-8FDC-42A3-9474-1A3956D46DE8}") = "Report", "Report", "{8B66D1E3-F92C-434E-BA85-06DAD2C19291}"
EndProject
Project("{2150E333-8FDC-42A3-9474-1A3956D46DE8}") = "Common", "Common", "{A7B5308B-F73B-41A4-8FF9-A7B5FA5A706A}"
EndProject
Project("{9A19103F-16F7-4668-BE54-9A1E7A4F7556}") = "PersonalFinanceApp.Budget", "..\PersonalFinanceApp.Budget\PersonalFinanceApp.Budget.csproj", "{1D091E8B-3C1F-4D40-B7EA-DED55196AE4B}"
EndProject
Project("{9A19103F-16F7-4668-BE54-9A1E7A4F7556}") = "PersonalFinanceApp.Report", "..\PersonalFinanceApp.Report\PersonalFinanceApp.Report.csproj", "{0DAA1AD4-F656-4B21-9F6E-8F9FCDA85D1E}"
EndProject
Project("{9A19103F-16F7-4668-BE54-9A1E7A4F7556}") = "PersonalFinanceApp.Transaction", "..\PersonalFinanceApp.Transaction\PersonalFinanceApp.Transaction.csproj", "{25B00396-16FC-46B5-8C7B-447E28FBEB79}"
EndProject
Project("{9A19103F-16F7-4668-BE54-9A1E7A4F7556}") = "PersonalFinanceApp.User", "..\PersonalFinanceApp.User\PersonalFinanceApp.User.csproj", "{AFE1802F-53D6-4444-BA6D-8E5EB27B4177}"
EndProject
Project("{9A19103F-16F7-4668-BE54-9A1E7A4F7556}") = "PersonalFinanceApp.Budget.CrossCutting", "..\PersonalFinanceApp.Budget.CrossCutting\PersonalFinanceApp.Budget.CrossCutting.csproj", "{6FDF32E0-F9A0-437D-B6D6-E4F603BDCADF}"
EndProject
Project("{9A19103F-16F7-4668-BE54-9A1E7A4F7556}") = "PersonalFinanceApp.Budget.Storage", "..\PersonalFinanceApp.Budget.Storage\PersonalFinanceApp.Budget.Storage.csproj", "{82B6CFDE-F073-400A-A225-D1E53C414F2D}"
EndProject
Project("{9A19103F-16F7-4668-BE54-9A1E7A4F7556}") = "PersonalFinanceApp.Common.Api", "..\PersonalFinanceApp.Common.Api\PersonalFinanceApp.Common.Api.csproj", "{14AC9BF6-3DA3-4DB8-99C4-4491088CE540}"
EndProject
Project("{9A19103F-16F7-4668-BE54-9A1E7A4F7556}") = "PersonalFinanceApp.Common.Storage", "..\PersonalFinanceApp.Common.Storage\PersonalFinanceApp.Common.Storage.csproj", "{A55C93BC-3F82-44BC-BEE3-46B639DFD62E}"
EndProject
Project("{9A19103F-16F7-4668-BE54-9A1E7A4F7556}") = "PersonalFinanceApp.Common.CrossCutting", "..\PersonalFinanceApp.Common.CrossCutting\PersonalFinanceApp.Common.CrossCutting.csproj", "{54B4643E-283A-4CA3-AED0-DDAFA298DB1F}"
EndProject
Project("{9A19103F-16F7-4668-BE54-9A1E7A4F7556}") = "PersonalFinanceApp.Report.CrossCutting", "..\PersonalFinanceApp.Report.CrossCutting\PersonalFinanceApp.Report.CrossCutting.csproj", "{F71CF325-ED71-43C5-AC99-2A44E38319EF}"
EndProject
Project("{9A19103F-16F7-4668-BE54-9A1E7A4F7556}") = "PersonalFinanceApp.Report.Storage", "..\PersonalFinanceApp.Report.Storage\PersonalFinanceApp.Report.Storage.csproj", "{C9494B44-92C4-4DA4-B340-9112B6F42A56}"
EndProject
Project("{9A19103F-16F7-4668-BE54-9A1E7A4F7556}") = "PersonalFinanceApp.Transaction.CrossCutting", "..\PersonalFinanceApp.Transaction.CrossCutting\PersonalFinanceApp.Transaction.CrossCutting.csproj", "{29A81FA7-E590-4F6C-AF1D-255BB8E3630D}"
EndProject
Project("{9A19103F-16F7-4668-BE54-9A1E7A4F7556}") = "PersonalFinanceApp.Transaction.Storage", "..\PersonalFinanceApp.Transaction.Storage\PersonalFinanceApp.Transaction.Storage.csproj", "{BB441430-DD30-4B7E-8C03-FDA94851EEC6}"
EndProject
Project("{9A19103F-16F7-4668-BE54-9A1E7A4F7556}") = "PersonalFinanceApp.User.CrossCutting", "..\PersonalFinanceApp.User.CrossCutting\PersonalFinanceApp.User.CrossCutting.csproj", "{5797679D-9EF8-4E0D-9489-0F6F35136C29}"
EndProject
Project("{9A19103F-16F7-4668-BE54-9A1E7A4F7556}") = "PersonalFinanceApp.User.Storage", "..\PersonalFinanceApp.User.Storage\PersonalFinanceApp.User.Storage.csproj", "{051DC12E-EBE5-47AC-830A-4906E23F04D8}"
EndProject
Project("{2150E333-8FDC-42A3-9474-1A3956D46DE8}") = "Test", "Test", "{9EE1CD0B-1EF1-452C-815A-B2E594A47321}"
EndProject
Project("{2150E333-8FDC-42A3-9474-1A3956D46DE8}") = "PersonalFinance", "PersonalFinance", "{CEB09F46-4D75-4D11-B296-6E47388F4CEE}"
EndProject
Project("{9A19103F-16F7-4668-BE54-9A1E7A4F7556}") = "PersonalFinanceApp.Test.IntegrationTests", "..\PersonalFinanceApp.Test.IntegrationTest\PersonalFinanceApp.Test.IntegrationTests.csproj", "{6D399A54-4135-474D-9296-53FD26DED60C}"
EndProject
Project("{2150E333-8FDC-42A3-9474-1A3956D46DE8}") = "Currency", "Currency", "{C94DBE82-5DEE-445C-85C9-2B841714443D}"
EndProject
Project("{9A19103F-16F7-4668-BE54-9A1E7A4F7556}") = "PersonalFinanceApp.Currency.CrossCutting", "PersonalFinanceApp.PersonalFinance.CrossCutting\PersonalFinanceApp.Currency.CrossCutting.csproj", "{3C38612F-B24F-4A39-AAE2-C42CBB8158BE}"
EndProject
Project("{9A19103F-16F7-4668-BE54-9A1E7A4F7556}") = "PersonalFinanceApp.Currency.Storage", "PersonalFinanceApp.PersonalFinance.Storage\PersonalFinanceApp.Currency.Storage.csproj", "{CF4CA9AF-FFA0-4FCB-ADE3-B932FABB82E3}"
EndProject
Project("{FAE04EC0-301F-11D3-BF4B-00C04F79EFBC}") = "PersonalFinanceApp.Currency", "PersonalFinanceApp.Currency\PersonalFinanceApp.Currency.csproj", "{D42E1747-BE07-4DFA-B20F-74925CBB3DDF}"
EndProject
Global
	GlobalSection(SolutionConfigurationPlatforms) = preSolution
		Debug|Any CPU = Debug|Any CPU
		Release|Any CPU = Release|Any CPU
	EndGlobalSection
	GlobalSection(ProjectConfigurationPlatforms) = postSolution
		{1D091E8B-3C1F-4D40-B7EA-DED55196AE4B}.Debug|Any CPU.ActiveCfg = Debug|Any CPU
		{1D091E8B-3C1F-4D40-B7EA-DED55196AE4B}.Debug|Any CPU.Build.0 = Debug|Any CPU
		{1D091E8B-3C1F-4D40-B7EA-DED55196AE4B}.Release|Any CPU.ActiveCfg = Release|Any CPU
		{1D091E8B-3C1F-4D40-B7EA-DED55196AE4B}.Release|Any CPU.Build.0 = Release|Any CPU
		{0DAA1AD4-F656-4B21-9F6E-8F9FCDA85D1E}.Debug|Any CPU.ActiveCfg = Debug|Any CPU
		{0DAA1AD4-F656-4B21-9F6E-8F9FCDA85D1E}.Debug|Any CPU.Build.0 = Debug|Any CPU
		{0DAA1AD4-F656-4B21-9F6E-8F9FCDA85D1E}.Release|Any CPU.ActiveCfg = Release|Any CPU
		{0DAA1AD4-F656-4B21-9F6E-8F9FCDA85D1E}.Release|Any CPU.Build.0 = Release|Any CPU
		{25B00396-16FC-46B5-8C7B-447E28FBEB79}.Debug|Any CPU.ActiveCfg = Debug|Any CPU
		{25B00396-16FC-46B5-8C7B-447E28FBEB79}.Debug|Any CPU.Build.0 = Debug|Any CPU
		{25B00396-16FC-46B5-8C7B-447E28FBEB79}.Release|Any CPU.ActiveCfg = Release|Any CPU
		{25B00396-16FC-46B5-8C7B-447E28FBEB79}.Release|Any CPU.Build.0 = Release|Any CPU
		{AFE1802F-53D6-4444-BA6D-8E5EB27B4177}.Debug|Any CPU.ActiveCfg = Debug|Any CPU
		{AFE1802F-53D6-4444-BA6D-8E5EB27B4177}.Debug|Any CPU.Build.0 = Debug|Any CPU
		{AFE1802F-53D6-4444-BA6D-8E5EB27B4177}.Release|Any CPU.ActiveCfg = Release|Any CPU
		{AFE1802F-53D6-4444-BA6D-8E5EB27B4177}.Release|Any CPU.Build.0 = Release|Any CPU
		{6FDF32E0-F9A0-437D-B6D6-E4F603BDCADF}.Debug|Any CPU.ActiveCfg = Debug|Any CPU
		{6FDF32E0-F9A0-437D-B6D6-E4F603BDCADF}.Debug|Any CPU.Build.0 = Debug|Any CPU
		{6FDF32E0-F9A0-437D-B6D6-E4F603BDCADF}.Release|Any CPU.ActiveCfg = Release|Any CPU
		{6FDF32E0-F9A0-437D-B6D6-E4F603BDCADF}.Release|Any CPU.Build.0 = Release|Any CPU
		{82B6CFDE-F073-400A-A225-D1E53C414F2D}.Debug|Any CPU.ActiveCfg = Debug|Any CPU
		{82B6CFDE-F073-400A-A225-D1E53C414F2D}.Debug|Any CPU.Build.0 = Debug|Any CPU
		{82B6CFDE-F073-400A-A225-D1E53C414F2D}.Release|Any CPU.ActiveCfg = Release|Any CPU
		{82B6CFDE-F073-400A-A225-D1E53C414F2D}.Release|Any CPU.Build.0 = Release|Any CPU
		{14AC9BF6-3DA3-4DB8-99C4-4491088CE540}.Debug|Any CPU.ActiveCfg = Debug|Any CPU
		{14AC9BF6-3DA3-4DB8-99C4-4491088CE540}.Debug|Any CPU.Build.0 = Debug|Any CPU
		{14AC9BF6-3DA3-4DB8-99C4-4491088CE540}.Release|Any CPU.ActiveCfg = Release|Any CPU
		{14AC9BF6-3DA3-4DB8-99C4-4491088CE540}.Release|Any CPU.Build.0 = Release|Any CPU
		{A55C93BC-3F82-44BC-BEE3-46B639DFD62E}.Debug|Any CPU.ActiveCfg = Debug|Any CPU
		{A55C93BC-3F82-44BC-BEE3-46B639DFD62E}.Debug|Any CPU.Build.0 = Debug|Any CPU
		{A55C93BC-3F82-44BC-BEE3-46B639DFD62E}.Release|Any CPU.ActiveCfg = Release|Any CPU
		{A55C93BC-3F82-44BC-BEE3-46B639DFD62E}.Release|Any CPU.Build.0 = Release|Any CPU
		{54B4643E-283A-4CA3-AED0-DDAFA298DB1F}.Debug|Any CPU.ActiveCfg = Debug|Any CPU
		{54B4643E-283A-4CA3-AED0-DDAFA298DB1F}.Debug|Any CPU.Build.0 = Debug|Any CPU
		{54B4643E-283A-4CA3-AED0-DDAFA298DB1F}.Release|Any CPU.ActiveCfg = Release|Any CPU
		{54B4643E-283A-4CA3-AED0-DDAFA298DB1F}.Release|Any CPU.Build.0 = Release|Any CPU
		{F71CF325-ED71-43C5-AC99-2A44E38319EF}.Debug|Any CPU.ActiveCfg = Debug|Any CPU
		{F71CF325-ED71-43C5-AC99-2A44E38319EF}.Debug|Any CPU.Build.0 = Debug|Any CPU
		{F71CF325-ED71-43C5-AC99-2A44E38319EF}.Release|Any CPU.ActiveCfg = Release|Any CPU
		{F71CF325-ED71-43C5-AC99-2A44E38319EF}.Release|Any CPU.Build.0 = Release|Any CPU
		{C9494B44-92C4-4DA4-B340-9112B6F42A56}.Debug|Any CPU.ActiveCfg = Debug|Any CPU
		{C9494B44-92C4-4DA4-B340-9112B6F42A56}.Debug|Any CPU.Build.0 = Debug|Any CPU
		{C9494B44-92C4-4DA4-B340-9112B6F42A56}.Release|Any CPU.ActiveCfg = Release|Any CPU
		{C9494B44-92C4-4DA4-B340-9112B6F42A56}.Release|Any CPU.Build.0 = Release|Any CPU
		{29A81FA7-E590-4F6C-AF1D-255BB8E3630D}.Debug|Any CPU.ActiveCfg = Debug|Any CPU
		{29A81FA7-E590-4F6C-AF1D-255BB8E3630D}.Debug|Any CPU.Build.0 = Debug|Any CPU
		{29A81FA7-E590-4F6C-AF1D-255BB8E3630D}.Release|Any CPU.ActiveCfg = Release|Any CPU
		{29A81FA7-E590-4F6C-AF1D-255BB8E3630D}.Release|Any CPU.Build.0 = Release|Any CPU
		{BB441430-DD30-4B7E-8C03-FDA94851EEC6}.Debug|Any CPU.ActiveCfg = Debug|Any CPU
		{BB441430-DD30-4B7E-8C03-FDA94851EEC6}.Debug|Any CPU.Build.0 = Debug|Any CPU
		{BB441430-DD30-4B7E-8C03-FDA94851EEC6}.Release|Any CPU.ActiveCfg = Release|Any CPU
		{BB441430-DD30-4B7E-8C03-FDA94851EEC6}.Release|Any CPU.Build.0 = Release|Any CPU
		{5797679D-9EF8-4E0D-9489-0F6F35136C29}.Debug|Any CPU.ActiveCfg = Debug|Any CPU
		{5797679D-9EF8-4E0D-9489-0F6F35136C29}.Debug|Any CPU.Build.0 = Debug|Any CPU
		{5797679D-9EF8-4E0D-9489-0F6F35136C29}.Release|Any CPU.ActiveCfg = Release|Any CPU
		{5797679D-9EF8-4E0D-9489-0F6F35136C29}.Release|Any CPU.Build.0 = Release|Any CPU
		{051DC12E-EBE5-47AC-830A-4906E23F04D8}.Debug|Any CPU.ActiveCfg = Debug|Any CPU
		{051DC12E-EBE5-47AC-830A-4906E23F04D8}.Debug|Any CPU.Build.0 = Debug|Any CPU
		{051DC12E-EBE5-47AC-830A-4906E23F04D8}.Release|Any CPU.ActiveCfg = Release|Any CPU
		{051DC12E-EBE5-47AC-830A-4906E23F04D8}.Release|Any CPU.Build.0 = Release|Any CPU
		{6D399A54-4135-474D-9296-53FD26DED60C}.Debug|Any CPU.ActiveCfg = Debug|Any CPU
		{6D399A54-4135-474D-9296-53FD26DED60C}.Debug|Any CPU.Build.0 = Debug|Any CPU
		{6D399A54-4135-474D-9296-53FD26DED60C}.Release|Any CPU.ActiveCfg = Release|Any CPU
		{6D399A54-4135-474D-9296-53FD26DED60C}.Release|Any CPU.Build.0 = Release|Any CPU
		{3C38612F-B24F-4A39-AAE2-C42CBB8158BE}.Debug|Any CPU.ActiveCfg = Debug|Any CPU
		{3C38612F-B24F-4A39-AAE2-C42CBB8158BE}.Debug|Any CPU.Build.0 = Debug|Any CPU
		{3C38612F-B24F-4A39-AAE2-C42CBB8158BE}.Release|Any CPU.ActiveCfg = Release|Any CPU
		{3C38612F-B24F-4A39-AAE2-C42CBB8158BE}.Release|Any CPU.Build.0 = Release|Any CPU
		{CF4CA9AF-FFA0-4FCB-ADE3-B932FABB82E3}.Debug|Any CPU.ActiveCfg = Debug|Any CPU
		{CF4CA9AF-FFA0-4FCB-ADE3-B932FABB82E3}.Debug|Any CPU.Build.0 = Debug|Any CPU
		{CF4CA9AF-FFA0-4FCB-ADE3-B932FABB82E3}.Release|Any CPU.ActiveCfg = Release|Any CPU
		{CF4CA9AF-FFA0-4FCB-ADE3-B932FABB82E3}.Release|Any CPU.Build.0 = Release|Any CPU
		{D42E1747-BE07-4DFA-B20F-74925CBB3DDF}.Debug|Any CPU.ActiveCfg = Debug|Any CPU
		{D42E1747-BE07-4DFA-B20F-74925CBB3DDF}.Debug|Any CPU.Build.0 = Debug|Any CPU
		{D42E1747-BE07-4DFA-B20F-74925CBB3DDF}.Release|Any CPU.ActiveCfg = Release|Any CPU
		{D42E1747-BE07-4DFA-B20F-74925CBB3DDF}.Release|Any CPU.Build.0 = Release|Any CPU
	EndGlobalSection
	GlobalSection(SolutionProperties) = preSolution
		HideSolutionNode = FALSE
	EndGlobalSection
	GlobalSection(NestedProjects) = preSolution
		{1D091E8B-3C1F-4D40-B7EA-DED55196AE4B} = {C5149E6F-FE1A-4296-940C-014ABA9DF3F7}
		{0DAA1AD4-F656-4B21-9F6E-8F9FCDA85D1E} = {8B66D1E3-F92C-434E-BA85-06DAD2C19291}
		{25B00396-16FC-46B5-8C7B-447E28FBEB79} = {CD842ABD-6D5D-4ACE-84C7-1C61E5A1BC9B}
		{AFE1802F-53D6-4444-BA6D-8E5EB27B4177} = {AFEAD512-43EA-43AC-B060-F8E7FA4699B0}
		{6FDF32E0-F9A0-437D-B6D6-E4F603BDCADF} = {C5149E6F-FE1A-4296-940C-014ABA9DF3F7}
		{82B6CFDE-F073-400A-A225-D1E53C414F2D} = {C5149E6F-FE1A-4296-940C-014ABA9DF3F7}
		{14AC9BF6-3DA3-4DB8-99C4-4491088CE540} = {A7B5308B-F73B-41A4-8FF9-A7B5FA5A706A}
		{A55C93BC-3F82-44BC-BEE3-46B639DFD62E} = {A7B5308B-F73B-41A4-8FF9-A7B5FA5A706A}
		{54B4643E-283A-4CA3-AED0-DDAFA298DB1F} = {A7B5308B-F73B-41A4-8FF9-A7B5FA5A706A}
		{F71CF325-ED71-43C5-AC99-2A44E38319EF} = {8B66D1E3-F92C-434E-BA85-06DAD2C19291}
		{C9494B44-92C4-4DA4-B340-9112B6F42A56} = {8B66D1E3-F92C-434E-BA85-06DAD2C19291}
		{29A81FA7-E590-4F6C-AF1D-255BB8E3630D} = {CD842ABD-6D5D-4ACE-84C7-1C61E5A1BC9B}
		{BB441430-DD30-4B7E-8C03-FDA94851EEC6} = {CD842ABD-6D5D-4ACE-84C7-1C61E5A1BC9B}
		{5797679D-9EF8-4E0D-9489-0F6F35136C29} = {AFEAD512-43EA-43AC-B060-F8E7FA4699B0}
		{051DC12E-EBE5-47AC-830A-4906E23F04D8} = {AFEAD512-43EA-43AC-B060-F8E7FA4699B0}
		{CEB09F46-4D75-4D11-B296-6E47388F4CEE} = {9EE1CD0B-1EF1-452C-815A-B2E594A47321}
		{6D399A54-4135-474D-9296-53FD26DED60C} = {CEB09F46-4D75-4D11-B296-6E47388F4CEE}
		{3C38612F-B24F-4A39-AAE2-C42CBB8158BE} = {C94DBE82-5DEE-445C-85C9-2B841714443D}
		{CF4CA9AF-FFA0-4FCB-ADE3-B932FABB82E3} = {C94DBE82-5DEE-445C-85C9-2B841714443D}
		{D42E1747-BE07-4DFA-B20F-74925CBB3DDF} = {C94DBE82-5DEE-445C-85C9-2B841714443D}
	EndGlobalSection
	GlobalSection(ExtensibilityGlobals) = postSolution
		SolutionGuid = {800DAB1D-6D53-4083-AE07-180100809A5A}
	EndGlobalSection
EndGlobal
